
Microsoft Visual Studio Solution File, Format Version 11.00
# Visual Studio 2010
Project("{FAE04EC0-301F-11D3-BF4B-00C04F79EFBC}") = "FVDemo", "FVDemo\FVDemo.csproj", "{FFC6EAEB-6068-45E8-B74C-DC4CA3AA499C}"
EndProject
Project("{FAE04EC0-301F-11D3-BF4B-00C04F79EFBC}") = "FVDemo.Web", "FVDemo.Web\FVDemo.Web.csproj", "{27FB265B-6C69-42DF-9D03-A8B305A7D365}"
EndProject
Global
	GlobalSection(SolutionConfigurationPlatforms) = preSolution
		Debug|Any CPU = Debug|Any CPU
		Debug|Mixed Platforms = Debug|Mixed Platforms
		Debug|x86 = Debug|x86
		Release|Any CPU = Release|Any CPU
		Release|Mixed Platforms = Release|Mixed Platforms
		Release|x86 = Release|x86
	EndGlobalSection
	GlobalSection(ProjectConfigurationPlatforms) = postSolution
		{FFC6EAEB-6068-45E8-B74C-DC4CA3AA499C}.Debug|Any CPU.ActiveCfg = Debug|x86
		{FFC6EAEB-6068-45E8-B74C-DC4CA3AA499C}.Debug|Mixed Platforms.ActiveCfg = Debug|x86
		{FFC6EAEB-6068-45E8-B74C-DC4CA3AA499C}.Debug|Mixed Platforms.Build.0 = Debug|x86
		{FFC6EAEB-6068-45E8-B74C-DC4CA3AA499C}.Debug|x86.ActiveCfg = Debug|x86
		{FFC6EAEB-6068-45E8-B74C-DC4CA3AA499C}.Debug|x86.Build.0 = Debug|x86
		{FFC6EAEB-6068-45E8-B74C-DC4CA3AA499C}.Release|Any CPU.ActiveCfg = Release|x86
		{FFC6EAEB-6068-45E8-B74C-DC4CA3AA499C}.Release|Mixed Platforms.ActiveCfg = Release|x86
		{FFC6EAEB-6068-45E8-B74C-DC4CA3AA499C}.Release|Mixed Platforms.Build.0 = Release|x86
		{FFC6EAEB-6068-45E8-B74C-DC4CA3AA499C}.Release|x86.ActiveCfg = Release|x86
		{FFC6EAEB-6068-45E8-B74C-DC4CA3AA499C}.Release|x86.Build.0 = Release|x86
		{27FB265B-6C69-42DF-9D03-A8B305A7D365}.Debug|Any CPU.ActiveCfg = Debug|Any CPU
		{27FB265B-6C69-42DF-9D03-A8B305A7D365}.Debug|Any CPU.Build.0 = Debug|Any CPU
		{27FB265B-6C69-42DF-9D03-A8B305A7D365}.Debug|Mixed Platforms.ActiveCfg = Debug|Any CPU
		{27FB265B-6C69-42DF-9D03-A8B305A7D365}.Debug|Mixed Platforms.Build.0 = Debug|Any CPU
		{27FB265B-6C69-42DF-9D03-A8B305A7D365}.Debug|x86.ActiveCfg = Debug|Any CPU
		{27FB265B-6C69-42DF-9D03-A8B305A7D365}.Release|Any CPU.ActiveCfg = Release|Any CPU
		{27FB265B-6C69-42DF-9D03-A8B305A7D365}.Release|Any CPU.Build.0 = Release|Any CPU
		{27FB265B-6C69-42DF-9D03-A8B305A7D365}.Release|Mixed Platforms.ActiveCfg = Release|Any CPU
		{27FB265B-6C69-42DF-9D03-A8B305A7D365}.Release|Mixed Platforms.Build.0 = Release|Any CPU
		{27FB265B-6C69-42DF-9D03-A8B305A7D365}.Release|x86.ActiveCfg = Release|Any CPU
	EndGlobalSection
	GlobalSection(SolutionProperties) = preSolution
		HideSolutionNode = FALSE
	EndGlobalSection
EndGlobal
